
Microsoft Visual Studio Solution File, Format Version 12.00
# Visual Studio Version 16
VisualStudioVersion = 16.0.29424.173
MinimumVisualStudioVersion = 10.0.40219.1
Project("{9A19103F-16F7-4668-BE54-9A1E7A4F7556}") = "LuaConnector", "LuaConnector\LuaConnector.csproj", "{697DF38E-E18A-4A54-8D86-A0978891F05F}"
EndProject
Project("{FAE04EC0-301F-11D3-BF4B-00C04F79EFBC}") = "TestLuaConnector", "..\TestLuaConnector\TestLuaConnector\TestLuaConnector.csproj", "{77E81910-3C54-4250-BC41-4D582BA2B858}"
EndProject
Global
	GlobalSection(SolutionConfigurationPlatforms) = preSolution
		Debug|Any CPU = Debug|Any CPU
		Release|Any CPU = Release|Any CPU
	EndGlobalSection
	GlobalSection(ProjectConfigurationPlatforms) = postSolution
		{697DF38E-E18A-4A54-8D86-A0978891F05F}.Debug|Any CPU.ActiveCfg = Debug|Any CPU
		{697DF38E-E18A-4A54-8D86-A0978891F05F}.Debug|Any CPU.Build.0 = Debug|Any CPU
		{697DF38E-E18A-4A54-8D86-A0978891F05F}.Release|Any CPU.ActiveCfg = Release|Any CPU
		{697DF38E-E18A-4A54-8D86-A0978891F05F}.Release|Any CPU.Build.0 = Release|Any CPU
		{77E81910-3C54-4250-BC41-4D582BA2B858}.Debug|Any CPU.ActiveCfg = Debug|Any CPU
		{77E81910-3C54-4250-BC41-4D582BA2B858}.Debug|Any CPU.Build.0 = Debug|Any CPU
		{77E81910-3C54-4250-BC41-4D582BA2B858}.Release|Any CPU.ActiveCfg = Release|Any CPU
		{77E81910-3C54-4250-BC41-4D582BA2B858}.Release|Any CPU.Build.0 = Release|Any CPU
	EndGlobalSection
	GlobalSection(SolutionProperties) = preSolution
		HideSolutionNode = FALSE
	EndGlobalSection
	GlobalSection(ExtensibilityGlobals) = postSolution
		SolutionGuid = {0D44DD9B-E891-4568-9844-848F37F8A564}
	EndGlobalSection
EndGlobal
